<?xml version="1.0" encoding="utf-8"?>
<Project ToolsVersion="4.0" xmlns="http://schemas.microsoft.com/developer/msbuild/2003">
  <ItemGroup>
    <Filter Include="Nepumuk">
      <UniqueIdentifier>{AAE7C36B-16C7-4207-1FDF-CDDD8B3DA968}</UniqueIdentifier>
    </Filter>
  </ItemGroup>
  <ItemGroup>
    <ClInclude Include="src\Nepumuk.h" />
    <ClInclude Include="src\Nepumuk\Application.h">
      <Filter>Nepumuk</Filter>
    </ClInclude>
    <ClInclude Include="src\Nepumuk\Core.h">
      <Filter>Nepumuk</Filter>
    </ClInclude>
    <ClInclude Include="src\Nepumuk\EntryPoint.h">
      <Filter>Nepumuk</Filter>
    </ClInclude>
    <ClInclude Include="src\Nepumuk\Log.h">
      <Filter>Nepumuk</Filter>
    </ClInclude>
  </ItemGroup>
  <ItemGroup>
    <ClCompile Include="src\Nepumuk\Application.cpp">
      <Filter>Nepumuk</Filter>
    </ClCompile>
    <ClCompile Include="src\Nepumuk\Log.cpp">
      <Filter>Nepumuk</Filter>
    </ClCompile>
  </ItemGroup>
</Project>